
Microsoft Visual Studio Solution File, Format Version 12.00
# Visual Studio 15
VisualStudioVersion = 15.0.27703.2035
MinimumVisualStudioVersion = 10.0.40219.1
Project("{FAE04EC0-301F-11D3-BF4B-00C04F79EFBC}") = "RepositoryDesignPatternInASP.NETMVC", "RepositoryDesignPatternInASP.NETMVC\RepositoryDesignPatternInASP.NETMVC.csproj", "{170D1CAF-9ABC-4371-A2D7-9ED8F3BB6B24}"
EndProject
Global
	GlobalSection(SolutionConfigurationPlatforms) = preSolution
		Debug|Any CPU = Debug|Any CPU
		Release|Any CPU = Release|Any CPU
	EndGlobalSection
	GlobalSection(ProjectConfigurationPlatforms) = postSolution
		{170D1CAF-9ABC-4371-A2D7-9ED8F3BB6B24}.Debug|Any CPU.ActiveCfg = Debug|Any CPU
		{170D1CAF-9ABC-4371-A2D7-9ED8F3BB6B24}.Debug|Any CPU.Build.0 = Debug|Any CPU
		{170D1CAF-9ABC-4371-A2D7-9ED8F3BB6B24}.Release|Any CPU.ActiveCfg = Release|Any CPU
		{170D1CAF-9ABC-4371-A2D7-9ED8F3BB6B24}.Release|Any CPU.Build.0 = Release|Any CPU
	EndGlobalSection
	GlobalSection(SolutionProperties) = preSolution
		HideSolutionNode = FALSE
	EndGlobalSection
	GlobalSection(ExtensibilityGlobals) = postSolution
		SolutionGuid = {03251FBE-9D7E-404B-9EB1-B906593BA8F7}
	EndGlobalSection
EndGlobal
